{
  "name": "node-test",
  "version": "1.0.0",
  "lockfileVersion": 1,
  "requires": true,
  "dependencies": {
    "kfmd": {
      "version": "1.2.0",
      "resolved": "https://registry.npmjs.org/kfmd/-/kfmd-1.2.0.tgz",
      "integrity": "sha512-/1SW8h9CdxSIDIZu2J+HBePNU6GpBSZbBYv/Q5rab3QPYANUHKempp5wdnBHqJ9XbTjS/3nEmWVuFF471s6/LA==",
      "requires": {
        "kotlin": "^1.3.31"
      }
    },
    "kotlin": {
      "version": "1.3.50",
      "resolved": "https://registry.npmjs.org/kotlin/-/kotlin-1.3.50.tgz",
      "integrity": "sha512-Fxi9WxzsMwtdnkaqHh5afShZRcQUn4rUWLLJyIPRlf2qrfbqNt6+SF/bIfHXC+n1DEanr5SSDOxp8YMJom9V+A=="
    }
  }
}
